Microsoft Visual Studio Solution File, Format Version 12.00
# Visual Studio Version 17
VisualStudioVersion = 17.5.2.0
MinimumVisualStudioVersion = 10.0.40219.1
Project("{2150E333-8FDC-42A3-9474-1A3956D46DE8}") = "com", "com", "{08062E74-C0F3-A476-28C5-D9619F9539C4}"
EndProject
Project("{FAE04EC0-301F-11D3-BF4B-00C04F79EFBC}") = "VenusLibraryManager", "com\VenusLibraryManager.csproj", "{DAAA2D68-A7B4-2639-CE69-79076355F5E5}"
EndProject
Global
	GlobalSection(SolutionConfigurationPlatforms) = preSolution
		Debug|Any CPU = Debug|Any CPU
		Release|Any CPU = Release|Any CPU
	EndGlobalSection
	GlobalSection(ProjectConfigurationPlatforms) = postSolution
		{DAAA2D68-A7B4-2639-CE69-79076355F5E5}.Debug|Any CPU.ActiveCfg = Debug|Any CPU
		{DAAA2D68-A7B4-2639-CE69-79076355F5E5}.Debug|Any CPU.Build.0 = Debug|Any CPU
		{DAAA2D68-A7B4-2639-CE69-79076355F5E5}.Release|Any CPU.ActiveCfg = Release|Any CPU
		{DAAA2D68-A7B4-2639-CE69-79076355F5E5}.Release|Any CPU.Build.0 = Release|Any CPU
	EndGlobalSection
	GlobalSection(SolutionProperties) = preSolution
		HideSolutionNode = FALSE
	EndGlobalSection
	GlobalSection(NestedProjects) = preSolution
		{DAAA2D68-A7B4-2639-CE69-79076355F5E5} = {08062E74-C0F3-A476-28C5-D9619F9539C4}
	EndGlobalSection
	GlobalSection(ExtensibilityGlobals) = postSolution
		SolutionGuid = {B428C52B-8268-4461-B2F9-CF7C3249996C}
	EndGlobalSection
EndGlobal
